{
  "object": {
    "pins": [
      {
        "package": "swift-http-types",
        "repositoryURL": "https://github.com/apple/swift-http-types.git",
        "state": {
          "branch": null,
          "revision": "99d066e29effa8845e4761dd3f2f831edfdf8925",
          "version": "1.0.0"
        }
      },
      {
        "package": "URLRequestable",
        "repositoryURL": "https://github.com/wmalloc/URLRequestable.git",
        "state": {
          "branch": null,
          "revision": "99ef843f9bf5a8f24b9e90069a3906fd3015ff1e",
          "version": "0.5.0"
        }
      }
    ]
  },
  "version": 1
}
