{
  "pins" : [
    {
      "identity" : "swift-http-types",
      "kind" : "remoteSourceControl",
      "location" : "https://github.com/apple/swift-http-types.git",
      "state" : {
        "revision" : "12358d55a3824bd5fed310b999ea8cf83a9a1a65",
        "version" : "1.0.3"
      }
    },
    {
      "identity" : "urlrequestable",
      "kind" : "remoteSourceControl",
      "location" : "https://github.com/wmalloc/URLRequestable.git",
      "state" : {
        "revision" : "5b9ab926e7bba901d3264356157e4d66f1b69345",
        "version" : "0.5.4"
      }
    }
  ],
  "version" : 2
}
