{
  "object": {
    "pins": [
      {
        "package": "URLRequestable",
        "repositoryURL": "https://github.com/wmalloc/URLRequestable.git",
        "state": {
          "branch": null,
          "revision": "0fd41826c79dabbd5a2816023b93fe3dced21f03",
          "version": "0.0.7"
        }
      }
    ]
  },
  "version": 1
}
